
Microsoft Visual Studio Solution File, Format Version 12.00
# Visual Studio 15
VisualStudioVersion = 15.0.28307.902
MinimumVisualStudioVersion = 10.0.40219.1
Project("{FAE04EC0-301F-11D3-BF4B-00C04F79EFBC}") = "JenkinsTestWebApp", "JenkinsTestWebApp\JenkinsTestWebApp.csproj", "{71660FF9-BF1D-4B21-A2F6-2D35F4DF4299}"
EndProject
Global
	GlobalSection(SolutionConfigurationPlatforms) = preSolution
		Debug|Any CPU = Debug|Any CPU
		Release|Any CPU = Release|Any CPU
	EndGlobalSection
	GlobalSection(ProjectConfigurationPlatforms) = postSolution
		{71660FF9-BF1D-4B21-A2F6-2D35F4DF4299}.Debug|Any CPU.ActiveCfg = Debug|Any CPU
		{71660FF9-BF1D-4B21-A2F6-2D35F4DF4299}.Debug|Any CPU.Build.0 = Debug|Any CPU
		{71660FF9-BF1D-4B21-A2F6-2D35F4DF4299}.Release|Any CPU.ActiveCfg = Release|Any CPU
		{71660FF9-BF1D-4B21-A2F6-2D35F4DF4299}.Release|Any CPU.Build.0 = Release|Any CPU
	EndGlobalSection
	GlobalSection(SolutionProperties) = preSolution
		HideSolutionNode = FALSE
	EndGlobalSection
	GlobalSection(ExtensibilityGlobals) = postSolution
		SolutionGuid = {48C709BF-BFD7-4E52-8124-EF1B4F4581FA}
	EndGlobalSection
EndGlobal
